
Microsoft Visual Studio Solution File, Format Version 12.00
# Visual Studio Version 17
VisualStudioVersion = 17.0.31903.59
MinimumVisualStudioVersion = 10.0.40219.1
Project("{FAE04EC0-301F-11D3-BF4B-00C04F79EFBC}") = "MyLib", "MyLib\MyLib.csproj", "{C27EA749-A37A-4CC6-A284-4292EE1D2BA1}"
EndProject
Project("{FAE04EC0-301F-11D3-BF4B-00C04F79EFBC}") = "MyLib.Tests", "MyLib.Tests\MyLib.Tests.csproj", "{B09C7FC7-BDE3-4D9E-A4F8-57B22591F134}"
EndProject
Global
	GlobalSection(SolutionConfigurationPlatforms) = preSolution
		Debug|Any CPU = Debug|Any CPU
		Release|Any CPU = Release|Any CPU
	EndGlobalSection
	GlobalSection(SolutionProperties) = preSolution
		HideSolutionNode = FALSE
	EndGlobalSection
	GlobalSection(ProjectConfigurationPlatforms) = postSolution
		{C27EA749-A37A-4CC6-A284-4292EE1D2BA1}.Debug|Any CPU.ActiveCfg = Debug|Any CPU
		{C27EA749-A37A-4CC6-A284-4292EE1D2BA1}.Debug|Any CPU.Build.0 = Debug|Any CPU
		{C27EA749-A37A-4CC6-A284-4292EE1D2BA1}.Release|Any CPU.ActiveCfg = Release|Any CPU
		{C27EA749-A37A-4CC6-A284-4292EE1D2BA1}.Release|Any CPU.Build.0 = Release|Any CPU
		{B09C7FC7-BDE3-4D9E-A4F8-57B22591F134}.Debug|Any CPU.ActiveCfg = Debug|Any CPU
		{B09C7FC7-BDE3-4D9E-A4F8-57B22591F134}.Debug|Any CPU.Build.0 = Debug|Any CPU
		{B09C7FC7-BDE3-4D9E-A4F8-57B22591F134}.Release|Any CPU.ActiveCfg = Release|Any CPU
		{B09C7FC7-BDE3-4D9E-A4F8-57B22591F134}.Release|Any CPU.Build.0 = Release|Any CPU
	EndGlobalSection
EndGlobal
